
Microsoft Visual Studio Solution File, Format Version 12.00
# Visual Studio 15
VisualStudioVersion = 15.0.28307.136
MinimumVisualStudioVersion = 10.0.40219.1
Project("{FAE04EC0-301F-11D3-BF4B-00C04F79EFBC}") = "Variables Ben Henke", "Variables Ben Henke\Variables Ben Henke.csproj", "{0970C459-314F-4C8E-938D-2F1E88773FD4}"
EndProject
Global
	GlobalSection(SolutionConfigurationPlatforms) = preSolution
		Debug|Any CPU = Debug|Any CPU
		Release|Any CPU = Release|Any CPU
	EndGlobalSection
	GlobalSection(ProjectConfigurationPlatforms) = postSolution
		{0970C459-314F-4C8E-938D-2F1E88773FD4}.Debug|Any CPU.ActiveCfg = Debug|Any CPU
		{0970C459-314F-4C8E-938D-2F1E88773FD4}.Debug|Any CPU.Build.0 = Debug|Any CPU
		{0970C459-314F-4C8E-938D-2F1E88773FD4}.Release|Any CPU.ActiveCfg = Release|Any CPU
		{0970C459-314F-4C8E-938D-2F1E88773FD4}.Release|Any CPU.Build.0 = Release|Any CPU
	EndGlobalSection
	GlobalSection(SolutionProperties) = preSolution
		HideSolutionNode = FALSE
	EndGlobalSection
	GlobalSection(ExtensibilityGlobals) = postSolution
		SolutionGuid = {5745B0A7-310E-41A3-B024-962A5CD4C081}
	EndGlobalSection
EndGlobal
