
Microsoft Visual Studio Solution File, Format Version 12.00
# Visual Studio 15
VisualStudioVersion = 15.0.28307.136
MinimumVisualStudioVersion = 10.0.40219.1
Project("{FAE04EC0-301F-11D3-BF4B-00C04F79EFBC}") = "ConsoleApp2", "ConsoleApp2\ConsoleApp2.csproj", "{36608425-5E20-4788-8542-077E1A3FF33D}"
EndProject
Global
	GlobalSection(SolutionConfigurationPlatforms) = preSolution
		Debug|Any CPU = Debug|Any CPU
		Release|Any CPU = Release|Any CPU
	EndGlobalSection
	GlobalSection(ProjectConfigurationPlatforms) = postSolution
		{36608425-5E20-4788-8542-077E1A3FF33D}.Debug|Any CPU.ActiveCfg = Debug|Any CPU
		{36608425-5E20-4788-8542-077E1A3FF33D}.Debug|Any CPU.Build.0 = Debug|Any CPU
		{36608425-5E20-4788-8542-077E1A3FF33D}.Release|Any CPU.ActiveCfg = Release|Any CPU
		{36608425-5E20-4788-8542-077E1A3FF33D}.Release|Any CPU.Build.0 = Release|Any CPU
	EndGlobalSection
	GlobalSection(SolutionProperties) = preSolution
		HideSolutionNode = FALSE
	EndGlobalSection
	GlobalSection(ExtensibilityGlobals) = postSolution
		SolutionGuid = {9F783264-3ADF-4F94-B36E-8FE7D8E9EED5}
	EndGlobalSection
EndGlobal
