
Microsoft Visual Studio Solution File, Format Version 12.00
# Visual Studio 15
VisualStudioVersion = 15.0.28307.136
MinimumVisualStudioVersion = 10.0.40219.1
Project("{FAE04EC0-301F-11D3-BF4B-00C04F79EFBC}") = "participation Fuctions thurday", "participation Fuctions thurday\participation Fuctions thurday.csproj", "{C1776905-90FE-48AB-8B52-1EF58543C3ED}"
EndProject
Global
	GlobalSection(SolutionConfigurationPlatforms) = preSolution
		Debug|Any CPU = Debug|Any CPU
		Release|Any CPU = Release|Any CPU
	EndGlobalSection
	GlobalSection(ProjectConfigurationPlatforms) = postSolution
		{C1776905-90FE-48AB-8B52-1EF58543C3ED}.Debug|Any CPU.ActiveCfg = Debug|Any CPU
		{C1776905-90FE-48AB-8B52-1EF58543C3ED}.Debug|Any CPU.Build.0 = Debug|Any CPU
		{C1776905-90FE-48AB-8B52-1EF58543C3ED}.Release|Any CPU.ActiveCfg = Release|Any CPU
		{C1776905-90FE-48AB-8B52-1EF58543C3ED}.Release|Any CPU.Build.0 = Release|Any CPU
	EndGlobalSection
	GlobalSection(SolutionProperties) = preSolution
		HideSolutionNode = FALSE
	EndGlobalSection
	GlobalSection(ExtensibilityGlobals) = postSolution
		SolutionGuid = {ACAD1A22-4F57-49D0-8F48-BDD8077EA847}
	EndGlobalSection
EndGlobal
